{
  "nodes": {
    "bytestring": {
      "inputs": {
        "flake-parts": "flake-parts",
        "minttea": [
          "minttea"
        ],
        "nixpkgs": [
          "nixpkgs"
        ],
        "rio": [
          "rio"
        ]
      },
      "locked": {
        "lastModified": 1713215853,
        "narHash": "sha256-d2ettxr1bDqwKG69dxtZw7yL5l7i1ShAVfiqvzxWDyI=",
        "owner": "riot-ml",
        "repo": "bytestring",
        "rev": "86611d9e17b50ce3f2d94916f59c5cf3b240a0fc",
        "type": "github"
      },
      "original": {
        "owner": "riot-ml",
        "repo": "bytestring",
        "type": "github"
      }
    },
    "castore": {
      "inputs": {
        "flake-parts": "flake-parts_2",
        "nixpkgs": [
          "nixpkgs"
        ]
      },
      "locked": {
        "lastModified": 1710462792,
        "narHash": "sha256-rFzcFkDOc3BJY4e6LixRoPVT3or0mel/4IyemCSip7I=",
        "owner": "suri-framework",
        "repo": "castore",
        "rev": "ac1f1a47141e95d8f2c2c9f340df57ad8232b952",
        "type": "github"
      },
      "original": {
        "owner": "suri-framework",
        "repo": "castore",
        "type": "github"
      }
    },
    "castore_2": {
      "inputs": {
        "flake-parts": "flake-parts_9",
        "nixpkgs": [
          "minttea",
          "riot",
          "nixpkgs"
        ]
      },
      "locked": {
        "lastModified": 1710462792,
        "narHash": "sha256-rFzcFkDOc3BJY4e6LixRoPVT3or0mel/4IyemCSip7I=",
        "owner": "suri-framework",
        "repo": "castore",
        "rev": "ac1f1a47141e95d8f2c2c9f340df57ad8232b952",
        "type": "github"
      },
      "original": {
        "owner": "suri-framework",
        "repo": "castore",
        "type": "github"
      }
    },
    "colors": {
      "inputs": {
        "flake-parts": "flake-parts_7",
        "nixpkgs": [
          "minttea",
          "nixpkgs"
        ]
      },
      "locked": {
        "lastModified": 1709058261,
        "narHash": "sha256-bjfh6Fnuk6ik0Q/lzpXtzjR1QqLaoR6tfayMr7SuOT8=",
        "owner": "ocaml-tui",
        "repo": "colors",
        "rev": "f28fa132d3d1a89adae25033167a9968634c9f08",
        "type": "github"
      },
      "original": {
        "owner": "ocaml-tui",
        "repo": "colors",
        "type": "github"
      }
    },
    "config": {
      "inputs": {
        "flake-parts": "flake-parts_3",
        "minttea": [
          "minttea"
        ],
        "nixpkgs": [
          "nixpkgs"
        ]
      },
      "locked": {
        "lastModified": 1714466102,
        "narHash": "sha256-+YT6hdE07+v1JXYkBQdYrLhiyALAsXQhksPTaRe3rI4=",
        "owner": "ocaml-sys",
        "repo": "config.ml",
        "rev": "f850715406b2ea28bbbed76826f0b97c4f933857",
        "type": "github"
      },
      "original": {
        "owner": "ocaml-sys",
        "repo": "config.ml",
        "type": "github"
      }
    },
    "config_2": {
      "inputs": {
        "flake-parts": "flake-parts_10",
        "minttea": [
          "minttea",
          "riot",
          "minttea"
        ],
        "nixpkgs": [
          "minttea",
          "riot",
          "nixpkgs"
        ]
      },
      "locked": {
        "lastModified": 1710593205,
        "narHash": "sha256-SIRKN/fLUWojsqHKtb9jrtz0hcsFHSZYK6Jf6nzq+Jo=",
        "owner": "ocaml-sys",
        "repo": "config.ml",
        "rev": "d248987cc1795de99d3735c06635dbd355d4d642",
        "type": "github"
      },
      "original": {
        "owner": "ocaml-sys",
        "repo": "config.ml",
        "type": "github"
      }
    },
    "flake-parts": {
      "inputs": {
        "nixpkgs-lib": "nixpkgs-lib"
      },
      "locked": {
        "lastModified": 1712014858,
        "narHash": "sha256-sB4SWl2lX95bExY2gMFG5HIzvva5AVMJd4Igm+GpZNw=",
        "owner": "hercules-ci",
        "repo": "flake-parts",
        "rev": "9126214d0a59633752a136528f5f3b9aa8565b7d",
        "type": "github"
      },
      "original": {
        "id": "flake-parts",
        "type": "indirect"
      }
    },
    "flake-parts_10": {
      "inputs": {
        "nixpkgs-lib": "nixpkgs-lib_10"
      },
      "locked": {
        "lastModified": 1709336216,
        "narHash": "sha256-Dt/wOWeW6Sqm11Yh+2+t0dfEWxoMxGBvv3JpIocFl9E=",
        "owner": "hercules-ci",
        "repo": "flake-parts",
        "rev": "f7b3c975cf067e56e7cda6cb098ebe3fb4d74ca2",
        "type": "github"
      },
      "original": {
        "id": "flake-parts",
        "type": "indirect"
      }
    },
    "flake-parts_11": {
      "inputs": {
        "nixpkgs-lib": "nixpkgs-lib_11"
      },
      "locked": {
        "lastModified": 1709336216,
        "narHash": "sha256-Dt/wOWeW6Sqm11Yh+2+t0dfEWxoMxGBvv3JpIocFl9E=",
        "owner": "hercules-ci",
        "repo": "flake-parts",
        "rev": "f7b3c975cf067e56e7cda6cb098ebe3fb4d74ca2",
        "type": "github"
      },
      "original": {
        "id": "flake-parts",
        "type": "indirect"
      }
    },
    "flake-parts_12": {
      "inputs": {
        "nixpkgs-lib": "nixpkgs-lib_12"
      },
      "locked": {
        "lastModified": 1709336216,
        "narHash": "sha256-Dt/wOWeW6Sqm11Yh+2+t0dfEWxoMxGBvv3JpIocFl9E=",
        "owner": "hercules-ci",
        "repo": "flake-parts",
        "rev": "f7b3c975cf067e56e7cda6cb098ebe3fb4d74ca2",
        "type": "github"
      },
      "original": {
        "id": "flake-parts",
        "type": "indirect"
      }
    },
    "flake-parts_13": {
      "inputs": {
        "nixpkgs-lib": "nixpkgs-lib_13"
      },
      "locked": {
        "lastModified": 1709336216,
        "narHash": "sha256-Dt/wOWeW6Sqm11Yh+2+t0dfEWxoMxGBvv3JpIocFl9E=",
        "owner": "hercules-ci",
        "repo": "flake-parts",
        "rev": "f7b3c975cf067e56e7cda6cb098ebe3fb4d74ca2",
        "type": "github"
      },
      "original": {
        "id": "flake-parts",
        "type": "indirect"
      }
    },
    "flake-parts_14": {
      "inputs": {
        "nixpkgs-lib": "nixpkgs-lib_14"
      },
      "locked": {
        "lastModified": 1706830856,
        "narHash": "sha256-a0NYyp+h9hlb7ddVz4LUn1vT/PLwqfrWYcHMvFB1xYg=",
        "owner": "hercules-ci",
        "repo": "flake-parts",
        "rev": "b253292d9c0a5ead9bc98c4e9a26c6312e27d69f",
        "type": "github"
      },
      "original": {
        "id": "flake-parts",
        "type": "indirect"
      }
    },
    "flake-parts_15": {
      "inputs": {
        "nixpkgs-lib": "nixpkgs-lib_15"
      },
      "locked": {
        "lastModified": 1706830856,
        "narHash": "sha256-a0NYyp+h9hlb7ddVz4LUn1vT/PLwqfrWYcHMvFB1xYg=",
        "owner": "hercules-ci",
        "repo": "flake-parts",
        "rev": "b253292d9c0a5ead9bc98c4e9a26c6312e27d69f",
        "type": "github"
      },
      "original": {
        "id": "flake-parts",
        "type": "indirect"
      }
    },
    "flake-parts_16": {
      "inputs": {
        "nixpkgs-lib": "nixpkgs-lib_16"
      },
      "locked": {
        "lastModified": 1709336216,
        "narHash": "sha256-Dt/wOWeW6Sqm11Yh+2+t0dfEWxoMxGBvv3JpIocFl9E=",
        "owner": "hercules-ci",
        "repo": "flake-parts",
        "rev": "f7b3c975cf067e56e7cda6cb098ebe3fb4d74ca2",
        "type": "github"
      },
      "original": {
        "id": "flake-parts",
        "type": "indirect"
      }
    },
    "flake-parts_17": {
      "inputs": {
        "nixpkgs-lib": "nixpkgs-lib_17"
      },
      "locked": {
        "lastModified": 1706830856,
        "narHash": "sha256-a0NYyp+h9hlb7ddVz4LUn1vT/PLwqfrWYcHMvFB1xYg=",
        "owner": "hercules-ci",
        "repo": "flake-parts",
        "rev": "b253292d9c0a5ead9bc98c4e9a26c6312e27d69f",
        "type": "github"
      },
      "original": {
        "id": "flake-parts",
        "type": "indirect"
      }
    },
    "flake-parts_2": {
      "inputs": {
        "nixpkgs-lib": "nixpkgs-lib_2"
      },
      "locked": {
        "lastModified": 1706830856,
        "narHash": "sha256-a0NYyp+h9hlb7ddVz4LUn1vT/PLwqfrWYcHMvFB1xYg=",
        "owner": "hercules-ci",
        "repo": "flake-parts",
        "rev": "b253292d9c0a5ead9bc98c4e9a26c6312e27d69f",
        "type": "github"
      },
      "original": {
        "id": "flake-parts",
        "type": "indirect"
      }
    },
    "flake-parts_3": {
      "inputs": {
        "nixpkgs-lib": "nixpkgs-lib_3"
      },
      "locked": {
        "lastModified": 1709336216,
        "narHash": "sha256-Dt/wOWeW6Sqm11Yh+2+t0dfEWxoMxGBvv3JpIocFl9E=",
        "owner": "hercules-ci",
        "repo": "flake-parts",
        "rev": "f7b3c975cf067e56e7cda6cb098ebe3fb4d74ca2",
        "type": "github"
      },
      "original": {
        "id": "flake-parts",
        "type": "indirect"
      }
    },
    "flake-parts_4": {
      "inputs": {
        "nixpkgs-lib": "nixpkgs-lib_4"
      },
      "locked": {
        "lastModified": 1719994518,
        "narHash": "sha256-pQMhCCHyQGRzdfAkdJ4cIWiw+JNuWsTX7f0ZYSyz0VY=",
        "owner": "hercules-ci",
        "repo": "flake-parts",
        "rev": "9227223f6d922fee3c7b190b2cc238a99527bbb7",
        "type": "github"
      },
      "original": {
        "id": "flake-parts",
        "type": "indirect"
      }
    },
    "flake-parts_5": {
      "inputs": {
        "nixpkgs-lib": "nixpkgs-lib_5"
      },
      "locked": {
        "lastModified": 1712014858,
        "narHash": "sha256-sB4SWl2lX95bExY2gMFG5HIzvva5AVMJd4Igm+GpZNw=",
        "owner": "hercules-ci",
        "repo": "flake-parts",
        "rev": "9126214d0a59633752a136528f5f3b9aa8565b7d",
        "type": "github"
      },
      "original": {
        "id": "flake-parts",
        "type": "indirect"
      }
    },
    "flake-parts_6": {
      "inputs": {
        "nixpkgs-lib": "nixpkgs-lib_6"
      },
      "locked": {
        "lastModified": 1709336216,
        "narHash": "sha256-Dt/wOWeW6Sqm11Yh+2+t0dfEWxoMxGBvv3JpIocFl9E=",
        "owner": "hercules-ci",
        "repo": "flake-parts",
        "rev": "f7b3c975cf067e56e7cda6cb098ebe3fb4d74ca2",
        "type": "github"
      },
      "original": {
        "id": "flake-parts",
        "type": "indirect"
      }
    },
    "flake-parts_7": {
      "inputs": {
        "nixpkgs-lib": "nixpkgs-lib_7"
      },
      "locked": {
        "lastModified": 1706830856,
        "narHash": "sha256-a0NYyp+h9hlb7ddVz4LUn1vT/PLwqfrWYcHMvFB1xYg=",
        "owner": "hercules-ci",
        "repo": "flake-parts",
        "rev": "b253292d9c0a5ead9bc98c4e9a26c6312e27d69f",
        "type": "github"
      },
      "original": {
        "id": "flake-parts",
        "type": "indirect"
      }
    },
    "flake-parts_8": {
      "inputs": {
        "nixpkgs-lib": "nixpkgs-lib_8"
      },
      "locked": {
        "lastModified": 1709336216,
        "narHash": "sha256-Dt/wOWeW6Sqm11Yh+2+t0dfEWxoMxGBvv3JpIocFl9E=",
        "owner": "hercules-ci",
        "repo": "flake-parts",
        "rev": "f7b3c975cf067e56e7cda6cb098ebe3fb4d74ca2",
        "type": "github"
      },
      "original": {
        "id": "flake-parts",
        "type": "indirect"
      }
    },
    "flake-parts_9": {
      "inputs": {
        "nixpkgs-lib": "nixpkgs-lib_9"
      },
      "locked": {
        "lastModified": 1706830856,
        "narHash": "sha256-a0NYyp+h9hlb7ddVz4LUn1vT/PLwqfrWYcHMvFB1xYg=",
        "owner": "hercules-ci",
        "repo": "flake-parts",
        "rev": "b253292d9c0a5ead9bc98c4e9a26c6312e27d69f",
        "type": "github"
      },
      "original": {
        "id": "flake-parts",
        "type": "indirect"
      }
    },
    "gluon": {
      "inputs": {
        "bytestring": [
          "bytestring"
        ],
        "config": [
          "config"
        ],
        "flake-parts": "flake-parts_5",
        "libc": "libc",
        "minttea": [
          "minttea"
        ],
        "nixpkgs": [
          "nixpkgs"
        ],
        "rio": [
          "rio"
        ]
      },
      "locked": {
        "lastModified": 1720040053,
        "narHash": "sha256-M1LHZ2C8znbpR6m3iq+ATJJ77vMsGTWUWaDssvlnHjg=",
        "owner": "riot-ml",
        "repo": "gluon",
        "rev": "0b9e2f648ddb6e88fe13a3fa39e1644a53ba44d1",
        "type": "github"
      },
      "original": {
        "owner": "riot-ml",
        "repo": "gluon",
        "type": "github"
      }
    },
    "libc": {
      "inputs": {
        "config": [
          "gluon",
          "config"
        ],
        "flake-parts": "flake-parts_6",
        "nixpkgs": [
          "gluon",
          "nixpkgs"
        ]
      },
      "locked": {
        "lastModified": 1710787167,
        "narHash": "sha256-ldTWZNEXhcGCNqiOJ8Y+wd21izmp1xo1CC9bCd8pyYg=",
        "owner": "ocaml-sys",
        "repo": "libc.ml",
        "rev": "fdefecf9cdcc19c78c405f3d2c2530cf94d9b9b2",
        "type": "github"
      },
      "original": {
        "owner": "ocaml-sys",
        "repo": "libc.ml",
        "type": "github"
      }
    },
    "libc_2": {
      "inputs": {
        "config": [
          "minttea",
          "riot",
          "config"
        ],
        "flake-parts": "flake-parts_12",
        "nixpkgs": [
          "minttea",
          "riot",
          "nixpkgs"
        ]
      },
      "locked": {
        "lastModified": 1710787167,
        "narHash": "sha256-ldTWZNEXhcGCNqiOJ8Y+wd21izmp1xo1CC9bCd8pyYg=",
        "owner": "ocaml-sys",
        "repo": "libc.ml",
        "rev": "fdefecf9cdcc19c78c405f3d2c2530cf94d9b9b2",
        "type": "github"
      },
      "original": {
        "owner": "ocaml-sys",
        "repo": "libc.ml",
        "type": "github"
      }
    },
    "minttea": {
      "inputs": {
        "colors": "colors",
        "flake-parts": "flake-parts_8",
        "nixpkgs": [
          "nixpkgs"
        ],
        "riot": "riot",
        "tty": "tty"
      },
      "locked": {
        "lastModified": 1712256171,
        "narHash": "sha256-79lcJe/GqN6m/vSr6KujHSNs7GuzIqjldAuSQqH5VrE=",
        "owner": "leostera",
        "repo": "minttea",
        "rev": "b084ec7401c52167fae5087577133e52e3874899",
        "type": "github"
      },
      "original": {
        "owner": "leostera",
        "repo": "minttea",
        "type": "github"
      }
    },
    "nixpkgs": {
      "locked": {
        "lastModified": 1720768451,
        "narHash": "sha256-EYekUHJE2gxeo2pM/zM9Wlqw1Uw2XTJXOSAO79ksc4Y=",
        "owner": "NixOS",
        "repo": "nixpkgs",
        "rev": "7e7c39ea35c5cdd002cd4588b03a3fb9ece6fad9",
        "type": "github"
      },
      "original": {
        "owner": "NixOS",
        "ref": "nixos-unstable",
        "repo": "nixpkgs",
        "type": "github"
      }
    },
    "nixpkgs-lib": {
      "locked": {
        "dir": "lib",
        "lastModified": 1711703276,
        "narHash": "sha256-iMUFArF0WCatKK6RzfUJknjem0H9m4KgorO/p3Dopkk=",
        "owner": "NixOS",
        "repo": "nixpkgs",
        "rev": "d8fe5e6c92d0d190646fb9f1056741a229980089",
        "type": "github"
      },
      "original": {
        "dir": "lib",
        "owner": "NixOS",
        "ref": "nixos-unstable",
        "repo": "nixpkgs",
        "type": "github"
      }
    },
    "nixpkgs-lib_10": {
      "locked": {
        "dir": "lib",
        "lastModified": 1709237383,
        "narHash": "sha256-cy6ArO4k5qTx+l5o+0mL9f5fa86tYUX3ozE1S+Txlds=",
        "owner": "NixOS",
        "repo": "nixpkgs",
        "rev": "1536926ef5621b09bba54035ae2bb6d806d72ac8",
        "type": "github"
      },
      "original": {
        "dir": "lib",
        "owner": "NixOS",
        "ref": "nixos-unstable",
        "repo": "nixpkgs",
        "type": "github"
      }
    },
    "nixpkgs-lib_11": {
      "locked": {
        "dir": "lib",
        "lastModified": 1709237383,
        "narHash": "sha256-cy6ArO4k5qTx+l5o+0mL9f5fa86tYUX3ozE1S+Txlds=",
        "owner": "NixOS",
        "repo": "nixpkgs",
        "rev": "1536926ef5621b09bba54035ae2bb6d806d72ac8",
        "type": "github"
      },
      "original": {
        "dir": "lib",
        "owner": "NixOS",
        "ref": "nixos-unstable",
        "repo": "nixpkgs",
        "type": "github"
      }
    },
    "nixpkgs-lib_12": {
      "locked": {
        "dir": "lib",
        "lastModified": 1709237383,
        "narHash": "sha256-cy6ArO4k5qTx+l5o+0mL9f5fa86tYUX3ozE1S+Txlds=",
        "owner": "NixOS",
        "repo": "nixpkgs",
        "rev": "1536926ef5621b09bba54035ae2bb6d806d72ac8",
        "type": "github"
      },
      "original": {
        "dir": "lib",
        "owner": "NixOS",
        "ref": "nixos-unstable",
        "repo": "nixpkgs",
        "type": "github"
      }
    },
    "nixpkgs-lib_13": {
      "locked": {
        "dir": "lib",
        "lastModified": 1709237383,
        "narHash": "sha256-cy6ArO4k5qTx+l5o+0mL9f5fa86tYUX3ozE1S+Txlds=",
        "owner": "NixOS",
        "repo": "nixpkgs",
        "rev": "1536926ef5621b09bba54035ae2bb6d806d72ac8",
        "type": "github"
      },
      "original": {
        "dir": "lib",
        "owner": "NixOS",
        "ref": "nixos-unstable",
        "repo": "nixpkgs",
        "type": "github"
      }
    },
    "nixpkgs-lib_14": {
      "locked": {
        "dir": "lib",
        "lastModified": 1706550542,
        "narHash": "sha256-UcsnCG6wx++23yeER4Hg18CXWbgNpqNXcHIo5/1Y+hc=",
        "owner": "NixOS",
        "repo": "nixpkgs",
        "rev": "97b17f32362e475016f942bbdfda4a4a72a8a652",
        "type": "github"
      },
      "original": {
        "dir": "lib",
        "owner": "NixOS",
        "ref": "nixos-unstable",
        "repo": "nixpkgs",
        "type": "github"
      }
    },
    "nixpkgs-lib_15": {
      "locked": {
        "dir": "lib",
        "lastModified": 1706550542,
        "narHash": "sha256-UcsnCG6wx++23yeER4Hg18CXWbgNpqNXcHIo5/1Y+hc=",
        "owner": "NixOS",
        "repo": "nixpkgs",
        "rev": "97b17f32362e475016f942bbdfda4a4a72a8a652",
        "type": "github"
      },
      "original": {
        "dir": "lib",
        "owner": "NixOS",
        "ref": "nixos-unstable",
        "repo": "nixpkgs",
        "type": "github"
      }
    },
    "nixpkgs-lib_16": {
      "locked": {
        "dir": "lib",
        "lastModified": 1709237383,
        "narHash": "sha256-cy6ArO4k5qTx+l5o+0mL9f5fa86tYUX3ozE1S+Txlds=",
        "owner": "NixOS",
        "repo": "nixpkgs",
        "rev": "1536926ef5621b09bba54035ae2bb6d806d72ac8",
        "type": "github"
      },
      "original": {
        "dir": "lib",
        "owner": "NixOS",
        "ref": "nixos-unstable",
        "repo": "nixpkgs",
        "type": "github"
      }
    },
    "nixpkgs-lib_17": {
      "locked": {
        "dir": "lib",
        "lastModified": 1706550542,
        "narHash": "sha256-UcsnCG6wx++23yeER4Hg18CXWbgNpqNXcHIo5/1Y+hc=",
        "owner": "NixOS",
        "repo": "nixpkgs",
        "rev": "97b17f32362e475016f942bbdfda4a4a72a8a652",
        "type": "github"
      },
      "original": {
        "dir": "lib",
        "owner": "NixOS",
        "ref": "nixos-unstable",
        "repo": "nixpkgs",
        "type": "github"
      }
    },
    "nixpkgs-lib_2": {
      "locked": {
        "dir": "lib",
        "lastModified": 1706550542,
        "narHash": "sha256-UcsnCG6wx++23yeER4Hg18CXWbgNpqNXcHIo5/1Y+hc=",
        "owner": "NixOS",
        "repo": "nixpkgs",
        "rev": "97b17f32362e475016f942bbdfda4a4a72a8a652",
        "type": "github"
      },
      "original": {
        "dir": "lib",
        "owner": "NixOS",
        "ref": "nixos-unstable",
        "repo": "nixpkgs",
        "type": "github"
      }
    },
    "nixpkgs-lib_3": {
      "locked": {
        "dir": "lib",
        "lastModified": 1709237383,
        "narHash": "sha256-cy6ArO4k5qTx+l5o+0mL9f5fa86tYUX3ozE1S+Txlds=",
        "owner": "NixOS",
        "repo": "nixpkgs",
        "rev": "1536926ef5621b09bba54035ae2bb6d806d72ac8",
        "type": "github"
      },
      "original": {
        "dir": "lib",
        "owner": "NixOS",
        "ref": "nixos-unstable",
        "repo": "nixpkgs",
        "type": "github"
      }
    },
    "nixpkgs-lib_4": {
      "locked": {
        "lastModified": 1719876945,
        "narHash": "sha256-Fm2rDDs86sHy0/1jxTOKB1118Q0O3Uc7EC0iXvXKpbI=",
        "type": "tarball",
        "url": "https://github.com/NixOS/nixpkgs/archive/5daf0514482af3f97abaefc78a6606365c9108e2.tar.gz"
      },
      "original": {
        "type": "tarball",
        "url": "https://github.com/NixOS/nixpkgs/archive/5daf0514482af3f97abaefc78a6606365c9108e2.tar.gz"
      }
    },
    "nixpkgs-lib_5": {
      "locked": {
        "dir": "lib",
        "lastModified": 1711703276,
        "narHash": "sha256-iMUFArF0WCatKK6RzfUJknjem0H9m4KgorO/p3Dopkk=",
        "owner": "NixOS",
        "repo": "nixpkgs",
        "rev": "d8fe5e6c92d0d190646fb9f1056741a229980089",
        "type": "github"
      },
      "original": {
        "dir": "lib",
        "owner": "NixOS",
        "ref": "nixos-unstable",
        "repo": "nixpkgs",
        "type": "github"
      }
    },
    "nixpkgs-lib_6": {
      "locked": {
        "dir": "lib",
        "lastModified": 1709237383,
        "narHash": "sha256-cy6ArO4k5qTx+l5o+0mL9f5fa86tYUX3ozE1S+Txlds=",
        "owner": "NixOS",
        "repo": "nixpkgs",
        "rev": "1536926ef5621b09bba54035ae2bb6d806d72ac8",
        "type": "github"
      },
      "original": {
        "dir": "lib",
        "owner": "NixOS",
        "ref": "nixos-unstable",
        "repo": "nixpkgs",
        "type": "github"
      }
    },
    "nixpkgs-lib_7": {
      "locked": {
        "dir": "lib",
        "lastModified": 1706550542,
        "narHash": "sha256-UcsnCG6wx++23yeER4Hg18CXWbgNpqNXcHIo5/1Y+hc=",
        "owner": "NixOS",
        "repo": "nixpkgs",
        "rev": "97b17f32362e475016f942bbdfda4a4a72a8a652",
        "type": "github"
      },
      "original": {
        "dir": "lib",
        "owner": "NixOS",
        "ref": "nixos-unstable",
        "repo": "nixpkgs",
        "type": "github"
      }
    },
    "nixpkgs-lib_8": {
      "locked": {
        "dir": "lib",
        "lastModified": 1709237383,
        "narHash": "sha256-cy6ArO4k5qTx+l5o+0mL9f5fa86tYUX3ozE1S+Txlds=",
        "owner": "NixOS",
        "repo": "nixpkgs",
        "rev": "1536926ef5621b09bba54035ae2bb6d806d72ac8",
        "type": "github"
      },
      "original": {
        "dir": "lib",
        "owner": "NixOS",
        "ref": "nixos-unstable",
        "repo": "nixpkgs",
        "type": "github"
      }
    },
    "nixpkgs-lib_9": {
      "locked": {
        "dir": "lib",
        "lastModified": 1706550542,
        "narHash": "sha256-UcsnCG6wx++23yeER4Hg18CXWbgNpqNXcHIo5/1Y+hc=",
        "owner": "NixOS",
        "repo": "nixpkgs",
        "rev": "97b17f32362e475016f942bbdfda4a4a72a8a652",
        "type": "github"
      },
      "original": {
        "dir": "lib",
        "owner": "NixOS",
        "ref": "nixos-unstable",
        "repo": "nixpkgs",
        "type": "github"
      }
    },
    "rio": {
      "inputs": {
        "flake-parts": "flake-parts_13",
        "nixpkgs": [
          "minttea",
          "riot",
          "nixpkgs"
        ]
      },
      "locked": {
        "lastModified": 1709586140,
        "narHash": "sha256-Hshgl/KMQkUMZRckLwaSt7DTt8e4Mnpno1A+K4v1cd0=",
        "owner": "riot-ml",
        "repo": "rio",
        "rev": "7ab19eed42dff300c2b06351685cb4a5c98932e9",
        "type": "github"
      },
      "original": {
        "owner": "riot-ml",
        "repo": "rio",
        "type": "github"
      }
    },
    "rio_2": {
      "inputs": {
        "flake-parts": "flake-parts_16",
        "nixpkgs": [
          "nixpkgs"
        ]
      },
      "locked": {
        "lastModified": 1713871722,
        "narHash": "sha256-g3porvRt5iRK2Vi+8JuiMd9OtWiYb6R34y1rLYqyQ0o=",
        "owner": "riot-ml",
        "repo": "rio",
        "rev": "52ae6fc89360f0a46b8a57833ba583fcb569481e",
        "type": "github"
      },
      "original": {
        "owner": "riot-ml",
        "repo": "rio",
        "type": "github"
      }
    },
    "riot": {
      "inputs": {
        "castore": "castore_2",
        "config": "config_2",
        "flake-parts": "flake-parts_11",
        "libc": "libc_2",
        "minttea": [
          "minttea"
        ],
        "nixpkgs": [
          "minttea",
          "nixpkgs"
        ],
        "rio": "rio",
        "telemetry": "telemetry"
      },
      "locked": {
        "lastModified": 1710787981,
        "narHash": "sha256-/PcWNdC8PUQbcagErbk+NBMtab8n8uNqf5jKMv75lVs=",
        "owner": "riot-ml",
        "repo": "riot",
        "rev": "755d83927cda73f68de0401125e5f0c3d42979f4",
        "type": "github"
      },
      "original": {
        "owner": "riot-ml",
        "repo": "riot",
        "type": "github"
      }
    },
    "root": {
      "inputs": {
        "bytestring": "bytestring",
        "castore": "castore",
        "config": "config",
        "flake-parts": "flake-parts_4",
        "gluon": "gluon",
        "minttea": "minttea",
        "nixpkgs": "nixpkgs",
        "rio": "rio_2",
        "telemetry": "telemetry_2"
      }
    },
    "telemetry": {
      "inputs": {
        "flake-parts": "flake-parts_14",
        "nixpkgs": [
          "minttea",
          "riot",
          "nixpkgs"
        ]
      },
      "locked": {
        "lastModified": 1709064376,
        "narHash": "sha256-A0ir1Vx7eDV9D1l3SCktdGW0ZRBgIs49zST70H9qLaQ=",
        "owner": "leostera",
        "repo": "telemetry",
        "rev": "5fdb002c6f61f012e4bf767892bb31dc6f7fc6f8",
        "type": "github"
      },
      "original": {
        "owner": "leostera",
        "repo": "telemetry",
        "type": "github"
      }
    },
    "telemetry_2": {
      "inputs": {
        "flake-parts": "flake-parts_17",
        "nixpkgs": [
          "nixpkgs"
        ]
      },
      "locked": {
        "lastModified": 1709064376,
        "narHash": "sha256-A0ir1Vx7eDV9D1l3SCktdGW0ZRBgIs49zST70H9qLaQ=",
        "owner": "leostera",
        "repo": "telemetry",
        "rev": "5fdb002c6f61f012e4bf767892bb31dc6f7fc6f8",
        "type": "github"
      },
      "original": {
        "owner": "leostera",
        "repo": "telemetry",
        "type": "github"
      }
    },
    "tty": {
      "inputs": {
        "flake-parts": "flake-parts_15",
        "nixpkgs": [
          "minttea",
          "nixpkgs"
        ]
      },
      "locked": {
        "lastModified": 1709058307,
        "narHash": "sha256-GT+fsbIw64+SVZGkkCi2uX1HcWIvt0iRZkkPV6qwVl4=",
        "owner": "ocaml-tui",
        "repo": "tty",
        "rev": "d9fad1057a21961eb40564611545a1e0700bc7b3",
        "type": "github"
      },
      "original": {
        "owner": "ocaml-tui",
        "repo": "tty",
        "type": "github"
      }
    }
  },
  "root": "root",
  "version": 7
}
